PODS:
  - ImageCoreEngineMagic (0.1.5)

DEPENDENCIES:
  - ImageCoreEngineMagic (from `../`)

EXTERNAL SOURCES:
  ImageCoreEngineMagic:
    :path: "../"

SPEC CHECKSUMS:
  ImageCoreEngineMagic: c132002a5f824b3898db1a96d07e7d7cc0e59213

PODFILE CHECKSUM: 456cc8efc636636899ac47cd701e435a356a2256

COCOAPODS: 1.15.2
