PODS:
  - ImageCoreEngineMagic (0.1.1)

DEPENDENCIES:
  - ImageCoreEngineMagic (from `../`)

EXTERNAL SOURCES:
  ImageCoreEngineMagic:
    :path: "../"

SPEC CHECKSUMS:
  ImageCoreEngineMagic: e4a643d85bc72e14f587c30141ce025404e99d04

PODFILE CHECKSUM: 456cc8efc636636899ac47cd701e435a356a2256

COCOAPODS: 1.15.2
